
Microsoft Visual Studio Solution File, Format Version 12.00
# Visual Studio Version 17
VisualStudioVersion = 17.0.31903.59
MinimumVisualStudioVersion = 10.0.40219.1
Project("{FAE04EC0-301F-11D3-BF4B-00C04F79EFBC}") = "Motely", "Motely\Motely.csproj", "{14040408-A9C3-4266-B6E8-78793794FA4A}"
EndProject
Project("{FAE04EC0-301F-11D3-BF4B-00C04F79EFBC}") = "Motely.Tests", "Motely.Tests\Motely.Tests.csproj", "{59C34E24-F58D-46B8-BE4C-E7C2CA264125}"
EndProject
Project("{FAE04EC0-301F-11D3-BF4B-00C04F79EFBC}") = "Motely.Run", "Motely.Run\Motely.Run.csproj", "{EB4B1016-AA31-4DD0-9945-0ED868EA288B}"
EndProject
Global
	GlobalSection(SolutionConfigurationPlatforms) = preSolution
		Debug|Any CPU = Debug|Any CPU
		Release|Any CPU = Release|Any CPU
	EndGlobalSection
	GlobalSection(SolutionProperties) = preSolution
		HideSolutionNode = FALSE
	EndGlobalSection
	GlobalSection(ProjectConfigurationPlatforms) = postSolution
		{14040408-A9C3-4266-B6E8-78793794FA4A}.Debug|Any CPU.ActiveCfg = Debug|Any CPU
		{14040408-A9C3-4266-B6E8-78793794FA4A}.Debug|Any CPU.Build.0 = Debug|Any CPU
		{14040408-A9C3-4266-B6E8-78793794FA4A}.Release|Any CPU.ActiveCfg = Release|Any CPU
		{14040408-A9C3-4266-B6E8-78793794FA4A}.Release|Any CPU.Build.0 = Release|Any CPU
		{59C34E24-F58D-46B8-BE4C-E7C2CA264125}.Debug|Any CPU.ActiveCfg = Debug|Any CPU
		{59C34E24-F58D-46B8-BE4C-E7C2CA264125}.Debug|Any CPU.Build.0 = Debug|Any CPU
		{59C34E24-F58D-46B8-BE4C-E7C2CA264125}.Release|Any CPU.ActiveCfg = Release|Any CPU
		{59C34E24-F58D-46B8-BE4C-E7C2CA264125}.Release|Any CPU.Build.0 = Release|Any CPU
		{EB4B1016-AA31-4DD0-9945-0ED868EA288B}.Debug|Any CPU.ActiveCfg = Debug|Any CPU
		{EB4B1016-AA31-4DD0-9945-0ED868EA288B}.Debug|Any CPU.Build.0 = Debug|Any CPU
		{EB4B1016-AA31-4DD0-9945-0ED868EA288B}.Release|Any CPU.ActiveCfg = Release|Any CPU
		{EB4B1016-AA31-4DD0-9945-0ED868EA288B}.Release|Any CPU.Build.0 = Release|Any CPU
	EndGlobalSection
EndGlobal
